// !$*UTF8*$!
{
	archiveVersion = 1;
	classes = {
	};
	objectVersion = 51;
	objects = {

/* Begin PBXBuildFile section */
		921EB1834EB1408C54C99718 /* Pods_SuperHero.framework in Frameworks */ = {isa = PBXBuildFile; fileRef = 605EA159EF9A43AFE894655D /* Pods_SuperHero.framework */; };
		FC3FD5E8233DF2CC00B43F6B /* AppDelegate.swift in Sources */ = {isa = PBXBuildFile; fileRef = FC3FD5E7233DF2CC00B43F6B /* AppDelegate.swift */; };
		FC3FD5EA233DF2CC00B43F6B /* SceneDelegate.swift in Sources */ = {isa = PBXBuildFile; fileRef = FC3FD5E9233DF2CC00B43F6B /* SceneDelegate.swift */; };
		FC3FD5EC233DF2CC00B43F6B /* ViewController.swift in Sources */ = {isa = PBXBuildFile; fileRef = FC3FD5EB233DF2CC00B43F6B /* ViewController.swift */; };
		FC3FD5F1233DF2D200B43F6B /* Assets.xcassets in Resources */ = {isa = PBXBuildFile; fileRef = FC3FD5F0233DF2D200B43F6B /* Assets.xcassets */; };
		FC3FD5F4233DF2D200B43F6B /* LaunchScreen.storyboard in Resources */ = {isa = PBXBuildFile; fileRef = FC3FD5F2233DF2D200B43F6B /* LaunchScreen.storyboard */; };
		FC3FD5FC233E206000B43F6B /* SuperHeroViewModel.swift in Sources */ = {isa = PBXBuildFile; fileRef = FC3FD5FB233E206000B43F6B /* SuperHeroViewModel.swift */; };
		FC3FD5FE233E20C300B43F6B /* SuperHeroModel.swift in Sources */ = {isa = PBXBuildFile; fileRef = FC3FD5FD233E20C300B43F6B /* SuperHeroModel.swift */; };
		FC3FD600233E2C6100B43F6B /* CharacterCell.swift in Sources */ = {isa = PBXBuildFile; fileRef = FC3FD5FF233E2C6100B43F6B /* CharacterCell.swift */; };
		FC3FD602233E317C00B43F6B /* CharacterInfoViewController.swift in Sources */ = {isa = PBXBuildFile; fileRef = FC3FD601233E317C00B43F6B /* CharacterInfoViewController.swift */; };
/* End PBXBuildFile section */

/* Begin PBXFileReference section */
		54B928E365113F468627CE67 /* Pods-SuperHero.debug.xcconfig */ = {isa = PBXFileReference; includeInIndex = 1; lastKnownFileType = text.xcconfig; name = "Pods-SuperHero.debug.xcconfig"; path = "Target Support Files/Pods-SuperHero/Pods-SuperHero.debug.xcconfig"; sourceTree = "<group>"; };
		605EA159EF9A43AFE894655D /* Pods_SuperHero.framework */ = {isa = PBXFileReference; explicitFileType = wrapper.framework; includeInIndex = 0; path = Pods_SuperHero.framework; sourceTree = BUILT_PRODUCTS_DIR; };
		7C190EF1454AE54868435139 /* Pods-SuperHero.release.xcconfig */ = {isa = PBXFileReference; includeInIndex = 1; lastKnownFileType = text.xcconfig; name = "Pods-SuperHero.release.xcconfig"; path = "Target Support Files/Pods-SuperHero/Pods-SuperHero.release.xcconfig"; sourceTree = "<group>"; };
		FC3FD5E4233DF2CC00B43F6B /* SuperHero.app */ = {isa = PBXFileReference; explicitFileType = wrapper.application; includeInIndex = 0; path = SuperHero.app; sourceTree = BUILT_PRODUCTS_DIR; };
		FC3FD5E7233DF2CC00B43F6B /* AppDelegate.swift */ = {isa = PBXFileReference; lastKnownFileType = sourcecode.swift; path = AppDelegate.swift; sourceTree = "<group>"; };
		FC3FD5E9233DF2CC00B43F6B /* SceneDelegate.swift */ = {isa = PBXFileReference; lastKnownFileType = sourcecode.swift; path = SceneDelegate.swift; sourceTree = "<group>"; };
		FC3FD5EB233DF2CC00B43F6B /* ViewController.swift */ = {isa = PBXFileReference; lastKnownFileType = sourcecode.swift; path = ViewController.swift; sourceTree = "<group>"; };
		FC3FD5F0233DF2D200B43F6B /* Assets.xcassets */ = {isa = PBXFileReference; lastKnownFileType = folder.assetcatalog; path = Assets.xcassets; sourceTree = "<group>"; };
		FC3FD5F3233DF2D200B43F6B /* Base */ = {isa = PBXFileReference; lastKnownFileType = file.storyboard; name = Base; path = Base.lproj/LaunchScreen.storyboard; sourceTree = "<group>"; };
		FC3FD5F5233DF2D200B43F6B /* Info.plist */ = {isa = PBXFileReference; lastKnownFileType = text.plist.xml; path = Info.plist; sourceTree = "<group>"; };
		FC3FD5FB233E206000B43F6B /* SuperHeroViewModel.swift */ = {isa = PBXFileReference; lastKnownFileType = sourcecode.swift; path = SuperHeroViewModel.swift; sourceTree = "<group>"; };
		FC3FD5FD233E20C300B43F6B /* SuperHeroModel.swift */ = {isa = PBXFileReference; lastKnownFileType = sourcecode.swift; path = SuperHeroModel.swift; sourceTree = "<group>"; };
		FC3FD5FF233E2C6100B43F6B /* CharacterCell.swift */ = {isa = PBXFileReference; lastKnownFileType = sourcecode.swift; path = CharacterCell.swift; sourceTree = "<group>"; };
		FC3FD601233E317C00B43F6B /* CharacterInfoViewController.swift */ = {isa = PBXFileReference; lastKnownFileType = sourcecode.swift; path = CharacterInfoViewController.swift; sourceTree = "<group>"; };
/* End PBXFileReference section */

/* Begin PBXFrameworksBuildPhase section */
		FC3FD5E1233DF2CC00B43F6B /* Frameworks */ = {
			isa = PBXFrameworksBuildPhase;
			buildActionMask = 2147483647;
			files = (
				921EB1834EB1408C54C99718 /* Pods_SuperHero.framework in Frameworks */,
			);
			runOnlyForDeploymentPostprocessing = 0;
		};
/* End PBXFrameworksBuildPhase section */

/* Begin PBXGroup section */
		63EA8B036192355086C9FD66 /* Pods */ = {
			isa = PBXGroup;
			children = (
				54B928E365113F468627CE67 /* Pods-SuperHero.debug.xcconfig */,
				7C190EF1454AE54868435139 /* Pods-SuperHero.release.xcconfig */,
			);
			path = Pods;
			sourceTree = "<group>";
		};
		9052FA38EC08FE47E0971E72 /* Frameworks */ = {
			isa = PBXGroup;
			children = (
				605EA159EF9A43AFE894655D /* Pods_SuperHero.framework */,
			);
			name = Frameworks;
			sourceTree = "<group>";
		};
		FC3FD5DB233DF2CC00B43F6B = {
			isa = PBXGroup;
			children = (
				FC3FD5E6233DF2CC00B43F6B /* SuperHero */,
				FC3FD5E5233DF2CC00B43F6B /* Products */,
				63EA8B036192355086C9FD66 /* Pods */,
				9052FA38EC08FE47E0971E72 /* Frameworks */,
			);
			sourceTree = "<group>";
		};
		FC3FD5E5233DF2CC00B43F6B /* Products */ = {
			isa = PBXGroup;
			children = (
				FC3FD5E4233DF2CC00B43F6B /* SuperHero.app */,
			);
			name = Products;
			sourceTree = "<group>";
		};
		FC3FD5E6233DF2CC00B43F6B /* SuperHero */ = {
			isa = PBXGroup;
			children = (
				FCE25E54233FD86E009FB0D9 /* ViewModel */,
				FCE25E53233FD85D009FB0D9 /* Cell */,
				FCE25E52233FD857009FB0D9 /* Model */,
				FCE25E51233FD838009FB0D9 /* ViewController */,
				FC3FD5E7233DF2CC00B43F6B /* AppDelegate.swift */,
				FC3FD5E9233DF2CC00B43F6B /* SceneDelegate.swift */,
				FC3FD5F0233DF2D200B43F6B /* Assets.xcassets */,
				FC3FD5F2233DF2D200B43F6B /* LaunchScreen.storyboard */,
				FC3FD5F5233DF2D200B43F6B /* Info.plist */,
			);
			path = SuperHero;
			sourceTree = "<group>";
		};
		FCE25E51233FD838009FB0D9 /* ViewController */ = {
			isa = PBXGroup;
			children = (
				FC3FD601233E317C00B43F6B /* CharacterInfoViewController.swift */,
				FC3FD5EB233DF2CC00B43F6B /* ViewController.swift */,
			);
			path = ViewController;
			sourceTree = "<group>";
		};
		FCE25E52233FD857009FB0D9 /* Model */ = {
			isa = PBXGroup;
			children = (
				FC3FD5FD233E20C300B43F6B /* SuperHeroModel.swift */,
			);
			path = Model;
			sourceTree = "<group>";
		};
		FCE25E53233FD85D009FB0D9 /* Cell */ = {
			isa = PBXGroup;
			children = (
				FC3FD5FF233E2C6100B43F6B /* CharacterCell.swift */,
			);
			path = Cell;
			sourceTree = "<group>";
		};
		FCE25E54233FD86E009FB0D9 /* ViewModel */ = {
			isa = PBXGroup;
			children = (
				FC3FD5FB233E206000B43F6B /* SuperHeroViewModel.swift */,
			);
			path = ViewModel;
			sourceTree = "<group>";
		};
/* End PBXGroup section */

/* Begin PBXNativeTarget section */
		FC3FD5E3233DF2CC00B43F6B /* SuperHero */ = {
			isa = PBXNativeTarget;
			buildConfigurationList = FC3FD5F8233DF2D200B43F6B /* Build configuration list for PBXNativeTarget "SuperHero" */;
			buildPhases = (
				27CA772F1220437415D7E789 /* [CP] Check Pods Manifest.lock */,
				FC3FD5E0233DF2CC00B43F6B /* Sources */,
				FC3FD5E1233DF2CC00B43F6B /* Frameworks */,
				FC3FD5E2233DF2CC00B43F6B /* Resources */,
				EA0B07D8C95F2F852B15B84A /* [CP] Embed Pods Frameworks */,
			);
			buildRules = (
			);
			dependencies = (
			);
			name = SuperHero;
			productName = SuperHero;
			productReference = FC3FD5E4233DF2CC00B43F6B /* SuperHero.app */;
			productType = "com.apple.product-type.application";
		};
/* End PBXNativeTarget section */

/* Begin PBXProject section */
		FC3FD5DC233DF2CC00B43F6B /* Project object */ = {
			isa = PBXProject;
			attributes = {
				LastSwiftUpdateCheck = 1100;
				LastUpgradeCheck = 1100;
				ORGANIZATIONNAME = "Divyansh  Jain";
				TargetAttributes = {
					FC3FD5E3233DF2CC00B43F6B = {
						CreatedOnToolsVersion = 11.0;
					};
				};
			};
			buildConfigurationList = FC3FD5DF233DF2CC00B43F6B /* Build configuration list for PBXProject "SuperHero" */;
			compatibilityVersion = "Xcode 9.3";
			developmentRegion = en;
			hasScannedForEncodings = 0;
			knownRegions = (
				en,
				Base,
			);
			mainGroup = FC3FD5DB233DF2CC00B43F6B;
			productRefGroup = FC3FD5E5233DF2CC00B43F6B /* Products */;
			projectDirPath = "";
			projectRoot = "";
			targets = (
				FC3FD5E3233DF2CC00B43F6B /* SuperHero */,
			);
		};
/* End PBXProject section */

/* Begin PBXResourcesBuildPhase section */
		FC3FD5E2233DF2CC00B43F6B /* Resources */ = {
			isa = PBXResourcesBuildPhase;
			buildActionMask = 2147483647;
			files = (
				FC3FD5F4233DF2D200B43F6B /* LaunchScreen.storyboard in Resources */,
				FC3FD5F1233DF2D200B43F6B /* Assets.xcassets in Resources */,
			);
			runOnlyForDeploymentPostprocessing = 0;
		};
/* End PBXResourcesBuildPhase section */

/* Begin PBXShellScriptBuildPhase section */
		27CA772F1220437415D7E789 /* [CP] Check Pods Manifest.lock */ = {
			isa = PBXShellScriptBuildPhase;
			buildActionMask = 2147483647;
			files = (
			);
			inputFileListPaths = (
			);
			inputPaths = (
				"${PODS_PODFILE_DIR_PATH}/Podfile.lock",
				"${PODS_ROOT}/Manifest.lock",
			);
			name = "[CP] Check Pods Manifest.lock";
			outputFileListPaths = (
			);
			outputPaths = (
				"$(DERIVED_FILE_DIR)/Pods-SuperHero-checkManifestLockResult.txt",
			);
			runOnlyForDeploymentPostprocessing = 0;
			shellPath = /bin/sh;
			shellScript = "diff \"${PODS_PODFILE_DIR_PATH}/Podfile.lock\" \"${PODS_ROOT}/Manifest.lock\" > /dev/null\nif [ $? != 0 ] ; then\n    # print error to STDERR\n    echo \"error: The sandbox is not in sync with the Podfile.lock. Run 'pod install' or update your CocoaPods installation.\" >&2\n    exit 1\nfi\n# This output is used by Xcode 'outputs' to avoid re-running this script phase.\necho \"SUCCESS\" > \"${SCRIPT_OUTPUT_FILE_0}\"\n";
			showEnvVarsInLog = 0;
		};
		EA0B07D8C95F2F852B15B84A /* [CP] Embed Pods Frameworks */ = {
			isa = PBXShellScriptBuildPhase;
			buildActionMask = 2147483647;
			files = (
			);
			inputFileListPaths = (
				"${PODS_ROOT}/Target Support Files/Pods-SuperHero/Pods-SuperHero-frameworks-${CONFIGURATION}-input-files.xcfilelist",
			);
			name = "[CP] Embed Pods Frameworks";
			outputFileListPaths = (
				"${PODS_ROOT}/Target Support Files/Pods-SuperHero/Pods-SuperHero-frameworks-${CONFIGURATION}-output-files.xcfilelist",
			);
			runOnlyForDeploymentPostprocessing = 0;
			shellPath = /bin/sh;
			shellScript = "\"${PODS_ROOT}/Target Support Files/Pods-SuperHero/Pods-SuperHero-frameworks.sh\"\n";
			showEnvVarsInLog = 0;
		};
/* End PBXShellScriptBuildPhase section */

/* Begin PBXSourcesBuildPhase section */
		FC3FD5E0233DF2CC00B43F6B /* Sources */ = {
			isa = PBXSourcesBuildPhase;
			buildActionMask = 2147483647;
			files = (
				FC3FD602233E317C00B43F6B /* CharacterInfoViewController.swift in Sources */,
				FC3FD5FC233E206000B43F6B /* SuperHeroViewModel.swift in Sources */,
				FC3FD5EC233DF2CC00B43F6B /* ViewController.swift in Sources */,
				FC3FD5E8233DF2CC00B43F6B /* AppDelegate.swift in Sources */,
				FC3FD600233E2C6100B43F6B /* CharacterCell.swift in Sources */,
				FC3FD5FE233E20C300B43F6B /* SuperHeroModel.swift in Sources */,
				FC3FD5EA233DF2CC00B43F6B /* SceneDelegate.swift in Sources */,
			);
			runOnlyForDeploymentPostprocessing = 0;
		};
/* End PBXSourcesBuildPhase section */

/* Begin PBXVariantGroup section */
		FC3FD5F2233DF2D200B43F6B /* LaunchScreen.storyboard */ = {
			isa = PBXVariantGroup;
			children = (
				FC3FD5F3233DF2D200B43F6B /* Base */,
			);
			name = LaunchScreen.storyboard;
			sourceTree = "<group>";
		};
/* End PBXVariantGroup section */

/* Begin XCBuildConfiguration section */
		FC3FD5F6233DF2D200B43F6B /* Debug */ = {
			isa = XCBuildConfiguration;
			buildSettings = {
				ALWAYS_SEARCH_USER_PATHS = NO;
				CLANG_ANALYZER_NONNULL = YES;
				CLANG_ANALYZER_NUMBER_OBJECT_CONVERSION = YES_AGGRESSIVE;
				CLANG_CXX_LANGUAGE_STANDARD = "gnu++14";
				CLANG_CXX_LIBRARY = "libc++";
				CLANG_ENABLE_MODULES = YES;
				CLANG_ENABLE_OBJC_ARC = YES;
				CLANG_ENABLE_OBJC_WEAK = YES;
				CLANG_WARN_BLOCK_CAPTURE_AUTORELEASING = YES;
				CLANG_WARN_BOOL_CONVERSION = YES;
				CLANG_WARN_COMMA = YES;
				CLANG_WARN_CONSTANT_CONVERSION = YES;
				CLANG_WARN_DEPRECATED_OBJC_IMPLEMENTATIONS = YES;
				CLANG_WARN_DIRECT_OBJC_ISA_USAGE = YES_ERROR;
				CLANG_WARN_DOCUMENTATION_COMMENTS = YES;
				CLANG_WARN_EMPTY_BODY = YES;
				CLANG_WARN_ENUM_CONVERSION = YES;
				CLANG_WARN_INFINITE_RECURSION = YES;
				CLANG_WARN_INT_CONVERSION = YES;
				CLANG_WARN_NON_LITERAL_NULL_CONVERSION = YES;
				CLANG_WARN_OBJC_IMPLICIT_RETAIN_SELF = YES;
				CLANG_WARN_OBJC_LITERAL_CONVERSION = YES;
				CLANG_WARN_OBJC_ROOT_CLASS = YES_ERROR;
				CLANG_WARN_RANGE_LOOP_ANALYSIS = YES;
				CLANG_WARN_STRICT_PROTOTYPES = YES;
				CLANG_WARN_SUSPICIOUS_MOVE = YES;
				CLANG_WARN_UNGUARDED_AVAILABILITY = YES_AGGRESSIVE;
				CLANG_WARN_UNREACHABLE_CODE = YES;
				CLANG_WARN__DUPLICATE_METHOD_MATCH = YES;
				COPY_PHASE_STRIP = NO;
				DEBUG_INFORMATION_FORMAT = dwarf;
				ENABLE_STRICT_OBJC_MSGSEND = YES;
				ENABLE_TESTABILITY = YES;
				GCC_C_LANGUAGE_STANDARD = gnu11;
				GCC_DYNAMIC_NO_PIC = NO;
				GCC_NO_COMMON_BLOCKS = YES;
				GCC_OPTIMIZATION_LEVEL = 0;
				GCC_PREPROCESSOR_DEFINITIONS = (
					"DEBUG=1",
					"$(inherited)",
				);
				GCC_WARN_64_TO_32_BIT_CONVERSION = YES;
				GCC_WARN_ABOUT_RETURN_TYPE = YES_ERROR;
				GCC_WARN_UNDECLARED_SELECTOR = YES;
				GCC_WARN_UNINITIALIZED_AUTOS = YES_AGGRESSIVE;
				GCC_WARN_UNUSED_FUNCTION = YES;
				GCC_WARN_UNUSED_VARIABLE = YES;
				IPHONEOS_DEPLOYMENT_TARGET = 13.0;
				MTL_ENABLE_DEBUG_INFO = INCLUDE_SOURCE;
				MTL_FAST_MATH = YES;
				ONLY_ACTIVE_ARCH = YES;
				SDKROOT = iphoneos;
				SWIFT_ACTIVE_COMPILATION_CONDITIONS = DEBUG;
				SWIFT_OPTIMIZATION_LEVEL = "-Onone";
			};
			name = Debug;
		};
		FC3FD5F7233DF2D200B43F6B /* Release */ = {
			isa = XCBuildConfiguration;
			buildSettings = {
				ALWAYS_SEARCH_USER_PATHS = NO;
				CLANG_ANALYZER_NONNULL = YES;
				CLANG_ANALYZER_NUMBER_OBJECT_CONVERSION = YES_AGGRESSIVE;
				CLANG_CXX_LANGUAGE_STANDARD = "gnu++14";
				CLANG_CXX_LIBRARY = "libc++";
				CLANG_ENABLE_MODULES = YES;
				CLANG_ENABLE_OBJC_ARC = YES;
				CLANG_ENABLE_OBJC_WEAK = YES;
				CLANG_WARN_BLOCK_CAPTURE_AUTORELEASING = YES;
				CLANG_WARN_BOOL_CONVERSION = YES;
				CLANG_WARN_COMMA = YES;
				CLANG_WARN_CONSTANT_CONVERSION = YES;
				CLANG_WARN_DEPRECATED_OBJC_IMPLEMENTATIONS = YES;
				CLANG_WARN_DIRECT_OBJC_ISA_USAGE = YES_ERROR;
				CLANG_WARN_DOCUMENTATION_COMMENTS = YES;
				CLANG_WARN_EMPTY_BODY = YES;
				CLANG_WARN_ENUM_CONVERSION = YES;
				CLANG_WARN_INFINITE_RECURSION = YES;
				CLANG_WARN_INT_CONVERSION = YES;
				CLANG_WARN_NON_LITERAL_NULL_CONVERSION = YES;
				CLANG_WARN_OBJC_IMPLICIT_RETAIN_SELF = YES;
				CLANG_WARN_OBJC_LITERAL_CONVERSION = YES;
				CLANG_WARN_OBJC_ROOT_CLASS = YES_ERROR;
				CLANG_WARN_RANGE_LOOP_ANALYSIS = YES;
				CLANG_WARN_STRICT_PROTOTYPES = YES;
				CLANG_WARN_SUSPICIOUS_MOVE = YES;
				CLANG_WARN_UNGUARDED_AVAILABILITY = YES_AGGRESSIVE;
				CLANG_WARN_UNREACHABLE_CODE = YES;
				CLANG_WARN__DUPLICATE_METHOD_MATCH = YES;
				COPY_PHASE_STRIP = NO;
				DEBUG_INFORMATION_FORMAT = "dwarf-with-dsym";
				ENABLE_NS_ASSERTIONS = NO;
				ENABLE_STRICT_OBJC_MSGSEND = YES;
				GCC_C_LANGUAGE_STANDARD = gnu11;
				GCC_NO_COMMON_BLOCKS = YES;
				GCC_WARN_64_TO_32_BIT_CONVERSION = YES;
				GCC_WARN_ABOUT_RETURN_TYPE = YES_ERROR;
				GCC_WARN_UNDECLARED_SELECTOR = YES;
				GCC_WARN_UNINITIALIZED_AUTOS = YES_AGGRESSIVE;
				GCC_WARN_UNUSED_FUNCTION = YES;
				GCC_WARN_UNUSED_VARIABLE = YES;
				IPHONEOS_DEPLOYMENT_TARGET = 13.0;
				MTL_ENABLE_DEBUG_INFO = NO;
				MTL_FAST_MATH = YES;
				SDKROOT = iphoneos;
				SWIFT_COMPILATION_MODE = wholemodule;
				SWIFT_OPTIMIZATION_LEVEL = "-O";
				VALIDATE_PRODUCT = YES;
			};
			name = Release;
		};
		FC3FD5F9233DF2D200B43F6B /* Debug */ = {
			isa = XCBuildConfiguration;
			baseConfigurationReference = 54B928E365113F468627CE67 /* Pods-SuperHero.debug.xcconfig */;
			buildSettings = {
				ASSETCATALOG_COMPILER_APPICON_NAME = AppIcon;
				CODE_SIGN_STYLE = Automatic;
				DEVELOPMENT_TEAM = FJ95K397Z6;
				INFOPLIST_FILE = SuperHero/Info.plist;
				LD_RUNPATH_SEARCH_PATHS = (
					"$(inherited)",
					"@executable_path/Frameworks",
				);
				PRODUCT_BUNDLE_IDENTIFIER = t.SuperHero;
				PRODUCT_NAME = "$(TARGET_NAME)";
				SWIFT_VERSION = 5.0;
				TARGETED_DEVICE_FAMILY = "1,2";
			};
			name = Debug;
		};
		FC3FD5FA233DF2D200B43F6B /* Release */ = {
			isa = XCBuildConfiguration;
			baseConfigurationReference = 7C190EF1454AE54868435139 /* Pods-SuperHero.release.xcconfig */;
			buildSettings = {
				ASSETCATALOG_COMPILER_APPICON_NAME = AppIcon;
				CODE_SIGN_STYLE = Automatic;
				DEVELOPMENT_TEAM = FJ95K397Z6;
				INFOPLIST_FILE = SuperHero/Info.plist;
				LD_RUNPATH_SEARCH_PATHS = (
					"$(inherited)",
					"@executable_path/Frameworks",
				);
				PRODUCT_BUNDLE_IDENTIFIER = t.SuperHero;
				PRODUCT_NAME = "$(TARGET_NAME)";
				SWIFT_VERSION = 5.0;
				TARGETED_DEVICE_FAMILY = "1,2";
			};
			name = Release;
		};
/* End XCBuildConfiguration section */

/* Begin XCConfigurationList section */
		FC3FD5DF233DF2CC00B43F6B /* Build configuration list for PBXProject "SuperHero" */ = {
			isa = XCConfigurationList;
			buildConfigurations = (
				FC3FD5F6233DF2D200B43F6B /* Debug */,
				FC3FD5F7233DF2D200B43F6B /* Release */,
			);
			defaultConfigurationIsVisible = 0;
			defaultConfigurationName = Release;
		};
		FC3FD5F8233DF2D200B43F6B /* Build configuration list for PBXNativeTarget "SuperHero" */ = {
			isa = XCConfigurationList;
			buildConfigurations = (
				FC3FD5F9233DF2D200B43F6B /* Debug */,
				FC3FD5FA233DF2D200B43F6B /* Release */,
			);
			defaultConfigurationIsVisible = 0;
			defaultConfigurationName = Release;
		};
/* End XCConfigurationList section */
	};
	rootObject = FC3FD5DC233DF2CC00B43F6B /* Project object */;
}
